
Microsoft Visual Studio Solution File, Format Version 12.00
# Visual Studio Version 17
VisualStudioVersion = 17.7.34024.191
MinimumVisualStudioVersion = 10.0.40219.1
Project("{FAE04EC0-301F-11D3-BF4B-00C04F79EFBC}") = "MathGame", "MathGame\MathGame.csproj", "{216D5A1F-6EF2-4799-8EE9-472153DB531F}"
EndProject
Global
	GlobalSection(SolutionConfigurationPlatforms) = preSolution
		Debug|Any CPU = Debug|Any CPU
		Release|Any CPU = Release|Any CPU
	EndGlobalSection
	GlobalSection(ProjectConfigurationPlatforms) = postSolution
		{216D5A1F-6EF2-4799-8EE9-472153DB531F}.Debug|Any CPU.ActiveCfg = Debug|Any CPU
		{216D5A1F-6EF2-4799-8EE9-472153DB531F}.Debug|Any CPU.Build.0 = Debug|Any CPU
		{216D5A1F-6EF2-4799-8EE9-472153DB531F}.Release|Any CPU.ActiveCfg = Release|Any CPU
		{216D5A1F-6EF2-4799-8EE9-472153DB531F}.Release|Any CPU.Build.0 = Release|Any CPU
	EndGlobalSection
	GlobalSection(SolutionProperties) = preSolution
		HideSolutionNode = FALSE
	EndGlobalSection
	GlobalSection(ExtensibilityGlobals) = postSolution
		SolutionGuid = {872DBF94-16D0-433A-AF55-55428CE704F9}
	EndGlobalSection
EndGlobal
